
Microsoft Visual Studio Solution File, Format Version 12.00
# Visual Studio 15
VisualStudioVersion = 15.0.27130.2036
MinimumVisualStudioVersion = 10.0.40219.1
Project("{FAE04EC0-301F-11D3-BF4B-00C04F79EFBC}") = "AONConsole", "CodeAssignment-AON\AONConsole.csproj", "{066DE327-6B5A-4E97-9302-940FF3F6F788}"
EndProject
Project("{FAE04EC0-301F-11D3-BF4B-00C04F79EFBC}") = "AONLibrary", "AONlibrary\AONLibrary.csproj", "{4D83E433-B068-44E5-8F91-893C678B3902}"
EndProject
Global
	GlobalSection(SolutionConfigurationPlatforms) = preSolution
		Debug|Any CPU = Debug|Any CPU
		Release|Any CPU = Release|Any CPU
	EndGlobalSection
	GlobalSection(ProjectConfigurationPlatforms) = postSolution
		{066DE327-6B5A-4E97-9302-940FF3F6F788}.Debug|Any CPU.ActiveCfg = Debug|Any CPU
		{066DE327-6B5A-4E97-9302-940FF3F6F788}.Debug|Any CPU.Build.0 = Debug|Any CPU
		{066DE327-6B5A-4E97-9302-940FF3F6F788}.Release|Any CPU.ActiveCfg = Release|Any CPU
		{066DE327-6B5A-4E97-9302-940FF3F6F788}.Release|Any CPU.Build.0 = Release|Any CPU
		{4D83E433-B068-44E5-8F91-893C678B3902}.Debug|Any CPU.ActiveCfg = Debug|Any CPU
		{4D83E433-B068-44E5-8F91-893C678B3902}.Debug|Any CPU.Build.0 = Debug|Any CPU
		{4D83E433-B068-44E5-8F91-893C678B3902}.Release|Any CPU.ActiveCfg = Release|Any CPU
		{4D83E433-B068-44E5-8F91-893C678B3902}.Release|Any CPU.Build.0 = Release|Any CPU
	EndGlobalSection
	GlobalSection(SolutionProperties) = preSolution
		HideSolutionNode = FALSE
	EndGlobalSection
	GlobalSection(ExtensibilityGlobals) = postSolution
		SolutionGuid = {A83F1595-3904-41C8-A9F9-C0BEB5774013}
	EndGlobalSection
EndGlobal
